
Microsoft Visual Studio Solution File, Format Version 12.00
# Visual Studio Version 17
VisualStudioVersion = 17.11.35312.102
MinimumVisualStudioVersion = 10.0.40219.1
Project("{FAE04EC0-301F-11D3-BF4B-00C04F79EFBC}") = "WBAPI.API", "WBAPI.API\WBAPI.API.csproj", "{0248ADD4-A7F9-4D44-A5EE-5FE4841B3AA1}"
EndProject
Global
	GlobalSection(SolutionConfigurationPlatforms) = preSolution
		Debug|Any CPU = Debug|Any CPU
		Release|Any CPU = Release|Any CPU
	EndGlobalSection
	GlobalSection(ProjectConfigurationPlatforms) = postSolution
		{0248ADD4-A7F9-4D44-A5EE-5FE4841B3AA1}.Debug|Any CPU.ActiveCfg = Debug|Any CPU
		{0248ADD4-A7F9-4D44-A5EE-5FE4841B3AA1}.Debug|Any CPU.Build.0 = Debug|Any CPU
		{0248ADD4-A7F9-4D44-A5EE-5FE4841B3AA1}.Release|Any CPU.ActiveCfg = Release|Any CPU
		{0248ADD4-A7F9-4D44-A5EE-5FE4841B3AA1}.Release|Any CPU.Build.0 = Release|Any CPU
	EndGlobalSection
	GlobalSection(SolutionProperties) = preSolution
		HideSolutionNode = FALSE
	EndGlobalSection
	GlobalSection(ExtensibilityGlobals) = postSolution
		SolutionGuid = {F63AEAE8-7246-4C96-9892-C4AD4696CEF7}
	EndGlobalSection
EndGlobal
